
Microsoft Visual Studio Solution File, Format Version 12.00
# Visual Studio Version 16
VisualStudioVersion = 16.0.31727.386
MinimumVisualStudioVersion = 10.0.40219.1
Project("{FAE04EC0-301F-11D3-BF4B-00C04F79EFBC}") = "ConsoleApp1", "ConsoleApp1\ConsoleApp1.csproj", "{CDA11407-3DD9-4A2F-8F56-16BE5B105AA4}"
EndProject
Global
	GlobalSection(SolutionConfigurationPlatforms) = preSolution
		Debug|Any CPU = Debug|Any CPU
		Release|Any CPU = Release|Any CPU
	EndGlobalSection
	GlobalSection(ProjectConfigurationPlatforms) = postSolution
		{CDA11407-3DD9-4A2F-8F56-16BE5B105AA4}.Debug|Any CPU.ActiveCfg = Debug|Any CPU
		{CDA11407-3DD9-4A2F-8F56-16BE5B105AA4}.Debug|Any CPU.Build.0 = Debug|Any CPU
		{CDA11407-3DD9-4A2F-8F56-16BE5B105AA4}.Release|Any CPU.ActiveCfg = Release|Any CPU
		{CDA11407-3DD9-4A2F-8F56-16BE5B105AA4}.Release|Any CPU.Build.0 = Release|Any CPU
	EndGlobalSection
	GlobalSection(SolutionProperties) = preSolution
		HideSolutionNode = FALSE
	EndGlobalSection
	GlobalSection(ExtensibilityGlobals) = postSolution
		SolutionGuid = {E3B5B013-996A-4EB4-A350-7023F8C8CF29}
	EndGlobalSection
EndGlobal
